
Microsoft Visual Studio Solution File, Format Version 12.00
# Visual Studio Version 17
VisualStudioVersion = 17.4.33205.214
MinimumVisualStudioVersion = 10.0.40219.1
Project("{FAE04EC0-301F-11D3-BF4B-00C04F79EFBC}") = "Timely.API", "Timely.API\Timely.API.csproj", "{984F8808-B0D4-4660-8E31-255D6445018A}"
EndProject
Global
	GlobalSection(SolutionConfigurationPlatforms) = preSolution
		Debug|Any CPU = Debug|Any CPU
		Release|Any CPU = Release|Any CPU
	EndGlobalSection
	GlobalSection(ProjectConfigurationPlatforms) = postSolution
		{984F8808-B0D4-4660-8E31-255D6445018A}.Debug|Any CPU.ActiveCfg = Debug|Any CPU
		{984F8808-B0D4-4660-8E31-255D6445018A}.Debug|Any CPU.Build.0 = Debug|Any CPU
		{984F8808-B0D4-4660-8E31-255D6445018A}.Release|Any CPU.ActiveCfg = Release|Any CPU
		{984F8808-B0D4-4660-8E31-255D6445018A}.Release|Any CPU.Build.0 = Release|Any CPU
	EndGlobalSection
	GlobalSection(SolutionProperties) = preSolution
		HideSolutionNode = FALSE
	EndGlobalSection
	GlobalSection(ExtensibilityGlobals) = postSolution
		SolutionGuid = {A63B47F5-EEFF-4217-BCDA-EC826A6A7F31}
	EndGlobalSection
EndGlobal
